
Microsoft Visual Studio Solution File, Format Version 11.00
# Visual Studio 2010
Project("{8BC9CEB8-8B4A-11D0-8D11-00A0C91BC942}") = "CIS310 Project 4", "CIS310 Project 4\CIS310 Project 4.vcxproj", "{C2165EF6-9B0D-45E1-A7C0-41971550A462}"
EndProject
Global
	GlobalSection(SolutionConfigurationPlatforms) = preSolution
		Debug|Win32 = Debug|Win32
		Release|Win32 = Release|Win32
	EndGlobalSection
	GlobalSection(ProjectConfigurationPlatforms) = postSolution
		{C2165EF6-9B0D-45E1-A7C0-41971550A462}.Debug|Win32.ActiveCfg = Debug|Win32
		{C2165EF6-9B0D-45E1-A7C0-41971550A462}.Debug|Win32.Build.0 = Debug|Win32
		{C2165EF6-9B0D-45E1-A7C0-41971550A462}.Release|Win32.ActiveCfg = Release|Win32
		{C2165EF6-9B0D-45E1-A7C0-41971550A462}.Release|Win32.Build.0 = Release|Win32
	EndGlobalSection
	GlobalSection(SolutionProperties) = preSolution
		HideSolutionNode = FALSE
	EndGlobalSection
EndGlobal
